{
	"name": "@phasereditor2d/scripts-camera",
	"version": "1.0.5",
	"lockfileVersion": 3,
	"requires": true,
	"packages": {
		"": {
			"name": "@phasereditor2d/scripts-camera",
			"version": "1.0.5",
			"license": "MIT",
			"devDependencies": {
				"@phasereditor2d/scripts-core": "^1.1.0",
				"@phasereditor2d/scripts-simple-animations": "^1.0.0",
				"phaser": "^3.70.0",
				"typescript": "^5.3.2"
			}
		},
		"node_modules/@phasereditor2d/scripts-core": {
			"version": "1.1.0",
			"resolved": "https://registry.npmjs.org/@phasereditor2d/scripts-core/-/scripts-core-1.1.0.tgz",
			"integrity": "sha512-j2oO2xQu2wP+Tpo6iUrgEJ+DQds/F7zmJtc/8lbuP6CIOpvEjenzsHMdWqNt4Wkq+daH7E3f7JZqPIsOteLScg==",
			"dev": true
		},
		"node_modules/@phasereditor2d/scripts-simple-animations": {
			"version": "1.0.0",
			"resolved": "https://registry.npmjs.org/@phasereditor2d/scripts-simple-animations/-/scripts-simple-animations-1.0.0.tgz",
			"integrity": "sha512-tPzM62uRQ4nS1RSge8cdydqNK0YIAz1WslTkT8LU8y3W6yMZBf0KxzkP9WsDoyFPKNqLCDCO3CyovF4Vm0O6hA==",
			"dev": true
		},
		"node_modules/eventemitter3": {
			"version": "5.0.1",
			"dev": true,
			"license": "MIT"
		},
		"node_modules/phaser": {
			"version": "3.70.0",
			"dev": true,
			"license": "MIT",
			"dependencies": {
				"eventemitter3": "^5.0.1"
			}
		},
		"node_modules/typescript": {
			"version": "5.3.2",
			"dev": true,
			"license": "Apache-2.0",
			"bin": {
				"tsc": "bin/tsc",
				"tsserver": "bin/tsserver"
			},
			"engines": {
				"node": ">=14.17"
			}
		}
	}
}
